
Microsoft Visual Studio Solution File, Format Version 12.00
# Visual Studio Version 17
VisualStudioVersion = 17.0.31903.59
MinimumVisualStudioVersion = 10.0.40219.1
Project("{FAE04EC0-301F-11D3-BF4B-00C04F79EFBC}") = "LibraryApp.Web", "LibraryApp.Web\LibraryApp.Web.csproj", "{FBD341A8-4E95-4F2E-BAA3-9F29BFE366D2}"
EndProject
Project("{FAE04EC0-301F-11D3-BF4B-00C04F79EFBC}") = "LibraryApp.Models", "LibraryApp.Models\LibraryApp.Models.csproj", "{F6D1C309-CDCF-44F7-B1B5-B86C06DD1255}"
EndProject
Project("{FAE04EC0-301F-11D3-BF4B-00C04F79EFBC}") = "LibraryApp.Business", "LibraryApp.Business\LibraryApp.Business.csproj", "{BB460503-74D7-441F-8F2E-87B8F2ADC3BA}"
EndProject
Project("{FAE04EC0-301F-11D3-BF4B-00C04F79EFBC}") = "LibraryApp.DataAccess", "LibraryApp.DataAccess\LibraryApp.DataAccess.csproj", "{6FBC1B03-B028-497F-9603-6C936FBF514F}"
EndProject
Global
	GlobalSection(SolutionConfigurationPlatforms) = preSolution
		Debug|Any CPU = Debug|Any CPU
		Debug|x64 = Debug|x64
		Debug|x86 = Debug|x86
		Release|Any CPU = Release|Any CPU
		Release|x64 = Release|x64
		Release|x86 = Release|x86
	EndGlobalSection
	GlobalSection(ProjectConfigurationPlatforms) = postSolution
		{FBD341A8-4E95-4F2E-BAA3-9F29BFE366D2}.Debug|Any CPU.ActiveCfg = Debug|Any CPU
		{FBD341A8-4E95-4F2E-BAA3-9F29BFE366D2}.Debug|Any CPU.Build.0 = Debug|Any CPU
		{FBD341A8-4E95-4F2E-BAA3-9F29BFE366D2}.Debug|x64.ActiveCfg = Debug|Any CPU
		{FBD341A8-4E95-4F2E-BAA3-9F29BFE366D2}.Debug|x64.Build.0 = Debug|Any CPU
		{FBD341A8-4E95-4F2E-BAA3-9F29BFE366D2}.Debug|x86.ActiveCfg = Debug|Any CPU
		{FBD341A8-4E95-4F2E-BAA3-9F29BFE366D2}.Debug|x86.Build.0 = Debug|Any CPU
		{FBD341A8-4E95-4F2E-BAA3-9F29BFE366D2}.Release|Any CPU.ActiveCfg = Release|Any CPU
		{FBD341A8-4E95-4F2E-BAA3-9F29BFE366D2}.Release|Any CPU.Build.0 = Release|Any CPU
		{FBD341A8-4E95-4F2E-BAA3-9F29BFE366D2}.Release|x64.ActiveCfg = Release|Any CPU
		{FBD341A8-4E95-4F2E-BAA3-9F29BFE366D2}.Release|x64.Build.0 = Release|Any CPU
		{FBD341A8-4E95-4F2E-BAA3-9F29BFE366D2}.Release|x86.ActiveCfg = Release|Any CPU
		{FBD341A8-4E95-4F2E-BAA3-9F29BFE366D2}.Release|x86.Build.0 = Release|Any CPU
		{F6D1C309-CDCF-44F7-B1B5-B86C06DD1255}.Debug|Any CPU.ActiveCfg = Debug|Any CPU
		{F6D1C309-CDCF-44F7-B1B5-B86C06DD1255}.Debug|Any CPU.Build.0 = Debug|Any CPU
		{F6D1C309-CDCF-44F7-B1B5-B86C06DD1255}.Debug|x64.ActiveCfg = Debug|Any CPU
		{F6D1C309-CDCF-44F7-B1B5-B86C06DD1255}.Debug|x64.Build.0 = Debug|Any CPU
		{F6D1C309-CDCF-44F7-B1B5-B86C06DD1255}.Debug|x86.ActiveCfg = Debug|Any CPU
		{F6D1C309-CDCF-44F7-B1B5-B86C06DD1255}.Debug|x86.Build.0 = Debug|Any CPU
		{F6D1C309-CDCF-44F7-B1B5-B86C06DD1255}.Release|Any CPU.ActiveCfg = Release|Any CPU
		{F6D1C309-CDCF-44F7-B1B5-B86C06DD1255}.Release|Any CPU.Build.0 = Release|Any CPU
		{F6D1C309-CDCF-44F7-B1B5-B86C06DD1255}.Release|x64.ActiveCfg = Release|Any CPU
		{F6D1C309-CDCF-44F7-B1B5-B86C06DD1255}.Release|x64.Build.0 = Release|Any CPU
		{F6D1C309-CDCF-44F7-B1B5-B86C06DD1255}.Release|x86.ActiveCfg = Release|Any CPU
		{F6D1C309-CDCF-44F7-B1B5-B86C06DD1255}.Release|x86.Build.0 = Release|Any CPU
		{BB460503-74D7-441F-8F2E-87B8F2ADC3BA}.Debug|Any CPU.ActiveCfg = Debug|Any CPU
		{BB460503-74D7-441F-8F2E-87B8F2ADC3BA}.Debug|Any CPU.Build.0 = Debug|Any CPU
		{BB460503-74D7-441F-8F2E-87B8F2ADC3BA}.Debug|x64.ActiveCfg = Debug|Any CPU
		{BB460503-74D7-441F-8F2E-87B8F2ADC3BA}.Debug|x64.Build.0 = Debug|Any CPU
		{BB460503-74D7-441F-8F2E-87B8F2ADC3BA}.Debug|x86.ActiveCfg = Debug|Any CPU
		{BB460503-74D7-441F-8F2E-87B8F2ADC3BA}.Debug|x86.Build.0 = Debug|Any CPU
		{BB460503-74D7-441F-8F2E-87B8F2ADC3BA}.Release|Any CPU.ActiveCfg = Release|Any CPU
		{BB460503-74D7-441F-8F2E-87B8F2ADC3BA}.Release|Any CPU.Build.0 = Release|Any CPU
		{BB460503-74D7-441F-8F2E-87B8F2ADC3BA}.Release|x64.ActiveCfg = Release|Any CPU
		{BB460503-74D7-441F-8F2E-87B8F2ADC3BA}.Release|x64.Build.0 = Release|Any CPU
		{BB460503-74D7-441F-8F2E-87B8F2ADC3BA}.Release|x86.ActiveCfg = Release|Any CPU
		{BB460503-74D7-441F-8F2E-87B8F2ADC3BA}.Release|x86.Build.0 = Release|Any CPU
		{6FBC1B03-B028-497F-9603-6C936FBF514F}.Debug|Any CPU.ActiveCfg = Debug|Any CPU
		{6FBC1B03-B028-497F-9603-6C936FBF514F}.Debug|Any CPU.Build.0 = Debug|Any CPU
		{6FBC1B03-B028-497F-9603-6C936FBF514F}.Debug|x64.ActiveCfg = Debug|Any CPU
		{6FBC1B03-B028-497F-9603-6C936FBF514F}.Debug|x64.Build.0 = Debug|Any CPU
		{6FBC1B03-B028-497F-9603-6C936FBF514F}.Debug|x86.ActiveCfg = Debug|Any CPU
		{6FBC1B03-B028-497F-9603-6C936FBF514F}.Debug|x86.Build.0 = Debug|Any CPU
		{6FBC1B03-B028-497F-9603-6C936FBF514F}.Release|Any CPU.ActiveCfg = Release|Any CPU
		{6FBC1B03-B028-497F-9603-6C936FBF514F}.Release|Any CPU.Build.0 = Release|Any CPU
		{6FBC1B03-B028-497F-9603-6C936FBF514F}.Release|x64.ActiveCfg = Release|Any CPU
		{6FBC1B03-B028-497F-9603-6C936FBF514F}.Release|x64.Build.0 = Release|Any CPU
		{6FBC1B03-B028-497F-9603-6C936FBF514F}.Release|x86.ActiveCfg = Release|Any CPU
		{6FBC1B03-B028-497F-9603-6C936FBF514F}.Release|x86.Build.0 = Release|Any CPU
	EndGlobalSection
	GlobalSection(SolutionProperties) = preSolution
		HideSolutionNode = FALSE
	EndGlobalSection
EndGlobal
